{
  "name": "shell",
  "lockfileVersion": 3,
  "requires": true,
  "packages": {
    "": {
      "dependencies": {
        "ags": "*",
        "dayjs": "^1.11.19",
        "gnim": "*"
      }
    },
    "../../../../nix/store/8irw6anf7bvrqf6nig45s270bvx2cinm-ags-js-lib": {
      "name": "ags",
      "version": "3.1.0",
      "license": "LGPL-2.1",
      "os": [
        "linux"
      ],
      "devDependencies": {
        "@eslint/js": "latest",
        "eslint": "^9.39.1",
        "typescript": "^5.9.3",
        "typescript-eslint": "^8.48.0"
      },
      "engines": {
        "gjs": ">=1.79.0"
      },
      "funding": {
        "type": "kofi",
        "url": "https://ko-fi.com/aylur"
      },
      "peerDependencies": {
        "gnim": "^1.9.0"
      }
    },
    "../../../../nix/store/8irw6anf7bvrqf6nig45s270bvx2cinm-ags-js-lib/node_modules/gnim": {
      "version": "1.9.0",
      "license": "MIT",
      "engines": {
        "gjs": ">=1.79.0"
      },
      "funding": {
        "type": "kofi",
        "url": "https://ko-fi.com/aylur"
      }
    },
    "node_modules/ags": {
      "resolved": "../../../../nix/store/8irw6anf7bvrqf6nig45s270bvx2cinm-ags-js-lib",
      "link": true
    },
    "node_modules/dayjs": {
      "version": "1.11.19",
      "resolved": "https://registry.npmjs.org/dayjs/-/dayjs-1.11.19.tgz",
      "integrity": "sha512-t5EcLVS6QPBNqM2z8fakk/NKel+Xzshgt8FFKAn+qwlD1pzZWxh0nVCrvFK7ZDb6XucZeF9z8C7CBWTRIVApAw==",
      "license": "MIT"
    },
    "node_modules/gnim": {
      "resolved": "../../../../nix/store/8irw6anf7bvrqf6nig45s270bvx2cinm-ags-js-lib/node_modules/gnim",
      "link": true
    }
  }
}
